
Microsoft Visual Studio Solution File, Format Version 12.00
# Visual Studio Version 16
VisualStudioVersion = 16.0.30114.105
MinimumVisualStudioVersion = 10.0.40219.1
Project("{FAE04EC0-301F-11D3-BF4B-00C04F79EFBC}") = "Playbox", "Playbox\Playbox.csproj", "{DCB386F9-181E-4C12-BB89-96F5D06A248E}"
EndProject
Global
	GlobalSection(SolutionConfigurationPlatforms) = preSolution
		Debug|Any CPU = Debug|Any CPU
		Release|Any CPU = Release|Any CPU
	EndGlobalSection
	GlobalSection(ProjectConfigurationPlatforms) = postSolution
		{DCB386F9-181E-4C12-BB89-96F5D06A248E}.Debug|Any CPU.ActiveCfg = Debug|Any CPU
		{DCB386F9-181E-4C12-BB89-96F5D06A248E}.Debug|Any CPU.Build.0 = Debug|Any CPU
		{DCB386F9-181E-4C12-BB89-96F5D06A248E}.Release|Any CPU.ActiveCfg = Release|Any CPU
		{DCB386F9-181E-4C12-BB89-96F5D06A248E}.Release|Any CPU.Build.0 = Release|Any CPU
	EndGlobalSection
	GlobalSection(SolutionProperties) = preSolution
		HideSolutionNode = FALSE
	EndGlobalSection
	GlobalSection(ExtensibilityGlobals) = postSolution
		SolutionGuid = {214A26A0-1F78-4C2D-946C-C179A65F3ABF}
	EndGlobalSection
EndGlobal
